{
  "name": "actionlogg",
  "version": "0.1.0",
  "lockfileVersion": 1,
  "requires": true,
  "dependencies": {
    "@x-logg/util": {
      "version": "0.1.1",
      "resolved": "https://registry.npmjs.org/@x-logg/util/-/util-0.1.1.tgz",
      "integrity": "sha512-1nWR+pc2lpbpWZVkGakrKK7lA4xDHyd2NH45JdX2uTUcOuOsWKK68Pzt0+zgz5gM+MW9LepFd2YoR3Et+DSJgg=="
    },
    "aarketype": {
      "version": "0.1.6",
      "resolved": "https://registry.npmjs.org/aarketype/-/aarketype-0.1.6.tgz",
      "integrity": "sha512-u6si6LDzVTHiAuOimZjLvs4qRaQT91FMMIn4/rpHmOMJkdYf2TyBFZjQPLaW2QQ0imyDkoH4sdYeksKjENwuBg==",
      "requires": {
        "ffield": "^0.2.4"
      }
    },
    "ffield": {
      "version": "0.2.5",
      "resolved": "https://registry.npmjs.org/ffield/-/ffield-0.2.5.tgz",
      "integrity": "sha512-EvWZ7D+nPoMvsJQ7z1yIyTWNDSyT9Cpeiiee5gWkUutP8oz2c+Qm+3YhiFrX7wHCdcApmsWZSVS3dEv+HNjnMA=="
    }
  }
}
